
Microsoft Visual Studio Solution File, Format Version 12.00
# Visual Studio Version 17
VisualStudioVersion = 17.0.32126.317
MinimumVisualStudioVersion = 10.0.40219.1
Project("{FAE04EC0-301F-11D3-BF4B-00C04F79EFBC}") = "WifiApp.Android", "WifiApp.Android\WifiApp.Android.csproj", "{E2D3B309-D9E1-4129-BB0D-3B8E8FE4C261}"
EndProject
Project("{FAE04EC0-301F-11D3-BF4B-00C04F79EFBC}") = "WifiApp.iOS", "WifiApp.iOS\WifiApp.iOS.csproj", "{6708B841-FDCC-4847-A42D-25D184EBEB83}"
EndProject
Project("{FAE04EC0-301F-11D3-BF4B-00C04F79EFBC}") = "WifiApp", "WifiApp\WifiApp.csproj", "{6ADF6614-7C34-46B7-82CE-6081FEBDE4A2}"
EndProject
Global
	GlobalSection(SolutionConfigurationPlatforms) = preSolution
		Debug|Any CPU = Debug|Any CPU
		Debug|iPhone = Debug|iPhone
		Debug|iPhoneSimulator = Debug|iPhoneSimulator
		Release|Any CPU = Release|Any CPU
		Release|iPhone = Release|iPhone
		Release|iPhoneSimulator = Release|iPhoneSimulator
	EndGlobalSection
	GlobalSection(ProjectConfigurationPlatforms) = postSolution
		{E2D3B309-D9E1-4129-BB0D-3B8E8FE4C261}.Debug|Any CPU.ActiveCfg = Debug|Any CPU
		{E2D3B309-D9E1-4129-BB0D-3B8E8FE4C261}.Debug|Any CPU.Build.0 = Debug|Any CPU
		{E2D3B309-D9E1-4129-BB0D-3B8E8FE4C261}.Debug|Any CPU.Deploy.0 = Debug|Any CPU
		{E2D3B309-D9E1-4129-BB0D-3B8E8FE4C261}.Debug|iPhone.ActiveCfg = Debug|Any CPU
		{E2D3B309-D9E1-4129-BB0D-3B8E8FE4C261}.Debug|iPhone.Build.0 = Debug|Any CPU
		{E2D3B309-D9E1-4129-BB0D-3B8E8FE4C261}.Debug|iPhone.Deploy.0 = Debug|Any CPU
		{E2D3B309-D9E1-4129-BB0D-3B8E8FE4C261}.Debug|iPhoneSimulator.ActiveCfg = Debug|Any CPU
		{E2D3B309-D9E1-4129-BB0D-3B8E8FE4C261}.Debug|iPhoneSimulator.Build.0 = Debug|Any CPU
		{E2D3B309-D9E1-4129-BB0D-3B8E8FE4C261}.Debug|iPhoneSimulator.Deploy.0 = Debug|Any CPU
		{E2D3B309-D9E1-4129-BB0D-3B8E8FE4C261}.Release|Any CPU.ActiveCfg = Release|Any CPU
		{E2D3B309-D9E1-4129-BB0D-3B8E8FE4C261}.Release|Any CPU.Build.0 = Release|Any CPU
		{E2D3B309-D9E1-4129-BB0D-3B8E8FE4C261}.Release|Any CPU.Deploy.0 = Release|Any CPU
		{E2D3B309-D9E1-4129-BB0D-3B8E8FE4C261}.Release|iPhone.ActiveCfg = Release|Any CPU
		{E2D3B309-D9E1-4129-BB0D-3B8E8FE4C261}.Release|iPhone.Build.0 = Release|Any CPU
		{E2D3B309-D9E1-4129-BB0D-3B8E8FE4C261}.Release|iPhone.Deploy.0 = Release|Any CPU
		{E2D3B309-D9E1-4129-BB0D-3B8E8FE4C261}.Release|iPhoneSimulator.ActiveCfg = Release|Any CPU
		{E2D3B309-D9E1-4129-BB0D-3B8E8FE4C261}.Release|iPhoneSimulator.Build.0 = Release|Any CPU
		{E2D3B309-D9E1-4129-BB0D-3B8E8FE4C261}.Release|iPhoneSimulator.Deploy.0 = Release|Any CPU
		{6708B841-FDCC-4847-A42D-25D184EBEB83}.Debug|Any CPU.ActiveCfg = Debug|iPhone
		{6708B841-FDCC-4847-A42D-25D184EBEB83}.Debug|Any CPU.Build.0 = Debug|iPhone
		{6708B841-FDCC-4847-A42D-25D184EBEB83}.Debug|Any CPU.Deploy.0 = Debug|iPhone
		{6708B841-FDCC-4847-A42D-25D184EBEB83}.Debug|iPhone.ActiveCfg = Debug|iPhone
		{6708B841-FDCC-4847-A42D-25D184EBEB83}.Debug|iPhone.Build.0 = Debug|iPhone
		{6708B841-FDCC-4847-A42D-25D184EBEB83}.Debug|iPhone.Deploy.0 = Debug|iPhone
		{6708B841-FDCC-4847-A42D-25D184EBEB83}.Debug|iPhoneSimulator.ActiveCfg = Debug|iPhoneSimulator
		{6708B841-FDCC-4847-A42D-25D184EBEB83}.Debug|iPhoneSimulator.Build.0 = Debug|iPhoneSimulator
		{6708B841-FDCC-4847-A42D-25D184EBEB83}.Debug|iPhoneSimulator.Deploy.0 = Debug|iPhoneSimulator
		{6708B841-FDCC-4847-A42D-25D184EBEB83}.Release|Any CPU.ActiveCfg = Release|iPhoneSimulator
		{6708B841-FDCC-4847-A42D-25D184EBEB83}.Release|Any CPU.Build.0 = Release|iPhoneSimulator
		{6708B841-FDCC-4847-A42D-25D184EBEB83}.Release|Any CPU.Deploy.0 = Release|iPhoneSimulator
		{6708B841-FDCC-4847-A42D-25D184EBEB83}.Release|iPhone.ActiveCfg = Release|iPhone
		{6708B841-FDCC-4847-A42D-25D184EBEB83}.Release|iPhone.Build.0 = Release|iPhone
		{6708B841-FDCC-4847-A42D-25D184EBEB83}.Release|iPhone.Deploy.0 = Release|iPhone
		{6708B841-FDCC-4847-A42D-25D184EBEB83}.Release|iPhoneSimulator.ActiveCfg = Release|iPhoneSimulator
		{6708B841-FDCC-4847-A42D-25D184EBEB83}.Release|iPhoneSimulator.Build.0 = Release|iPhoneSimulator
		{6708B841-FDCC-4847-A42D-25D184EBEB83}.Release|iPhoneSimulator.Deploy.0 = Release|iPhoneSimulator
		{6ADF6614-7C34-46B7-82CE-6081FEBDE4A2}.Debug|Any CPU.ActiveCfg = Debug|Any CPU
		{6ADF6614-7C34-46B7-82CE-6081FEBDE4A2}.Debug|Any CPU.Build.0 = Debug|Any CPU
		{6ADF6614-7C34-46B7-82CE-6081FEBDE4A2}.Debug|Any CPU.Deploy.0 = Debug|Any CPU
		{6ADF6614-7C34-46B7-82CE-6081FEBDE4A2}.Debug|iPhone.ActiveCfg = Debug|Any CPU
		{6ADF6614-7C34-46B7-82CE-6081FEBDE4A2}.Debug|iPhone.Build.0 = Debug|Any CPU
		{6ADF6614-7C34-46B7-82CE-6081FEBDE4A2}.Debug|iPhone.Deploy.0 = Debug|Any CPU
		{6ADF6614-7C34-46B7-82CE-6081FEBDE4A2}.Debug|iPhoneSimulator.ActiveCfg = Debug|Any CPU
		{6ADF6614-7C34-46B7-82CE-6081FEBDE4A2}.Debug|iPhoneSimulator.Build.0 = Debug|Any CPU
		{6ADF6614-7C34-46B7-82CE-6081FEBDE4A2}.Debug|iPhoneSimulator.Deploy.0 = Debug|Any CPU
		{6ADF6614-7C34-46B7-82CE-6081FEBDE4A2}.Release|Any CPU.ActiveCfg = Release|Any CPU
		{6ADF6614-7C34-46B7-82CE-6081FEBDE4A2}.Release|Any CPU.Build.0 = Release|Any CPU
		{6ADF6614-7C34-46B7-82CE-6081FEBDE4A2}.Release|Any CPU.Deploy.0 = Release|Any CPU
		{6ADF6614-7C34-46B7-82CE-6081FEBDE4A2}.Release|iPhone.ActiveCfg = Release|Any CPU
		{6ADF6614-7C34-46B7-82CE-6081FEBDE4A2}.Release|iPhone.Build.0 = Release|Any CPU
		{6ADF6614-7C34-46B7-82CE-6081FEBDE4A2}.Release|iPhone.Deploy.0 = Release|Any CPU
		{6ADF6614-7C34-46B7-82CE-6081FEBDE4A2}.Release|iPhoneSimulator.ActiveCfg = Release|Any CPU
		{6ADF6614-7C34-46B7-82CE-6081FEBDE4A2}.Release|iPhoneSimulator.Build.0 = Release|Any CPU
		{6ADF6614-7C34-46B7-82CE-6081FEBDE4A2}.Release|iPhoneSimulator.Deploy.0 = Release|Any CPU
	EndGlobalSection
	GlobalSection(SolutionProperties) = preSolution
		HideSolutionNode = FALSE
	EndGlobalSection
	GlobalSection(ExtensibilityGlobals) = postSolution
		SolutionGuid = {AA86934D-DA48-49E1-8DA9-B4FB9793C02E}
	EndGlobalSection
EndGlobal
